
Microsoft Visual Studio Solution File, Format Version 12.00
# Visual Studio Version 17
VisualStudioVersion = 17.14.36915.13 d17.14
MinimumVisualStudioVersion = 10.0.40219.1
Project("{FAE04EC0-301F-11D3-BF4B-00C04F79EFBC}") = "MauiApp1", "MauiApp1\MauiApp1.csproj", "{2698DB52-9EAB-4181-9F17-46F494DE97CA}"
EndProject
Global
	GlobalSection(SolutionConfigurationPlatforms) = preSolution
		Debug|Any CPU = Debug|Any CPU
		Release|Any CPU = Release|Any CPU
	EndGlobalSection
	GlobalSection(ProjectConfigurationPlatforms) = postSolution
		{2698DB52-9EAB-4181-9F17-46F494DE97CA}.Debug|Any CPU.ActiveCfg = Debug|Any CPU
		{2698DB52-9EAB-4181-9F17-46F494DE97CA}.Debug|Any CPU.Build.0 = Debug|Any CPU
		{2698DB52-9EAB-4181-9F17-46F494DE97CA}.Release|Any CPU.ActiveCfg = Release|Any CPU
		{2698DB52-9EAB-4181-9F17-46F494DE97CA}.Release|Any CPU.Build.0 = Release|Any CPU
	EndGlobalSection
	GlobalSection(SolutionProperties) = preSolution
		HideSolutionNode = FALSE
	EndGlobalSection
	GlobalSection(ExtensibilityGlobals) = postSolution
		SolutionGuid = {884E6DFF-3927-4171-BCAA-28EFF10910F9}
	EndGlobalSection
EndGlobal
